# This file is generated by running "yarn install" inside your project.
# Manual changes might be lost - proceed with caution!

__metadata:
  version: 8
  cacheKey: 10c0

"@emotion/is-prop-valid@npm:^1.2.1":
  version: 1.2.1
  resolution: "@emotion/is-prop-valid@npm:1.2.1"
  dependencies:
    "@emotion/memoize": "npm:^0.8.1"
  checksum: 7c2aabdf0ca9986ca25abc9dae711348308cf18d418d64ffa4c8ffd2114806c47f2e06ba8ee769f38ec67d65bd59ec73f34d94023e81baa1c43510ac86ccd5e6
  languageName: node
  linkType: hard

"@emotion/memoize@npm:^0.8.1":
  version: 0.8.1
  resolution: "@emotion/memoize@npm:0.8.1"
  checksum: dffed372fc3b9fa2ba411e76af22b6bb686fb0cb07694fdfaa6dd2baeb0d5e4968c1a7caa472bfcf06a5997d5e7c7d16b90e993f9a6ffae79a2c3dbdc76dfe78
  languageName: node
  linkType: hard

"@emotion/unitless@npm:^0.8.0":
  version: 0.8.1
  resolution: "@emotion/unitless@npm:0.8.1"
  checksum: a1ed508628288f40bfe6dd17d431ed899c067a899fa293a13afe3aed1d70fac0412b8a215fafab0b42829360db687fecd763e5f01a64ddc4a4b58ec3112ff548
  languageName: node
  linkType: hard

"@next/env@npm:14.0.4":
  version: 14.0.4
  resolution: "@next/env@npm:14.0.4"
  checksum: 59b893d30aea0556379a24f6e4eac830677feb149bd8416b72383ea2600ce194fa22a79b2dd86e0b295c4a8f0702e461f48edaff1ac9173eddef42a4cce7fd98
  languageName: node
  linkType: hard

"@next/swc-darwin-arm64@npm:14.0.4":
  version: 14.0.4
  resolution: "@next/swc-darwin-arm64@npm:14.0.4"
  conditions: os=darwin & cpu=arm64
  languageName: node
  linkType: hard

"@next/swc-darwin-x64@npm:14.0.4":
  version: 14.0.4
  resolution: "@next/swc-darwin-x64@npm:14.0.4"
  conditions: os=darwin & cpu=x64
  languageName: node
  linkType: hard

"@next/swc-linux-arm64-gnu@npm:14.0.4":
  version: 14.0.4
  resolution: "@next/swc-linux-arm64-gnu@npm:14.0.4"
  conditions: os=linux & cpu=arm64 & libc=glibc
  languageName: node
  linkType: hard

"@next/swc-linux-arm64-musl@npm:14.0.4":
  version: 14.0.4
  resolution: "@next/swc-linux-arm64-musl@npm:14.0.4"
  conditions: os=linux & cpu=arm64 & libc=musl
  languageName: node
  linkType: hard

"@next/swc-linux-x64-gnu@npm:14.0.4":
  version: 14.0.4
  resolution: "@next/swc-linux-x64-gnu@npm:14.0.4"
  conditions: os=linux & cpu=x64 & libc=glibc
  languageName: node
  linkType: hard

"@next/swc-linux-x64-musl@npm:14.0.4":
  version: 14.0.4
  resolution: "@next/swc-linux-x64-musl@npm:14.0.4"
  conditions: os=linux & cpu=x64 & libc=musl
  languageName: node
  linkType: hard

"@next/swc-win32-arm64-msvc@npm:14.0.4":
  version: 14.0.4
  resolution: "@next/swc-win32-arm64-msvc@npm:14.0.4"
  conditions: os=win32 & cpu=arm64
  languageName: node
  linkType: hard

"@next/swc-win32-ia32-msvc@npm:14.0.4":
  version: 14.0.4
  resolution: "@next/swc-win32-ia32-msvc@npm:14.0.4"
  conditions: os=win32 & cpu=ia32
  languageName: node
  linkType: hard

"@next/swc-win32-x64-msvc@npm:14.0.4":
  version: 14.0.4
  resolution: "@next/swc-win32-x64-msvc@npm:14.0.4"
  conditions: os=win32 & cpu=x64
  languageName: node
  linkType: hard

"@swc/helpers@npm:0.5.2":
  version: 0.5.2
  resolution: "@swc/helpers@npm:0.5.2"
  dependencies:
    tslib: "npm:^2.4.0"
  checksum: b6fa49bcf6c00571d0eb7837b163f8609960d4d77538160585e27ed167361e9776bd6e5eb9646ffac2fb4d43c58df9ca50dab9d96ab097e6591bc82a75fd1164
  languageName: node
  linkType: hard

"@types/stylis@npm:^4.0.2":
  version: 4.2.4
  resolution: "@types/stylis@npm:4.2.4"
  checksum: ce88e4fd6ce22f42e31e834740c0ab3aebee7bbc38ecd4d4e6392179780af6d8f8b4e777c5bbce7c293e543ca7623fd971ee3099ca0b9b7a8ca63088e41edbad
  languageName: node
  linkType: hard

"asynckit@npm:^0.4.0":
  version: 0.4.0
  resolution: "asynckit@npm:0.4.0"
  checksum: d73e2ddf20c4eb9337e1b3df1a0f6159481050a5de457c55b14ea2e5cb6d90bb69e004c9af54737a5ee0917fcf2c9e25de67777bbe58261847846066ba75bc9d
  languageName: node
  linkType: hard

"axios@npm:^1.6.2":
  version: 1.6.2
  resolution: "axios@npm:1.6.2"
  dependencies:
    follow-redirects: "npm:^1.15.0"
    form-data: "npm:^4.0.0"
    proxy-from-env: "npm:^1.1.0"
  checksum: 9b77e030e85e4f9cbcba7bb52fbff67d6ce906c92d213e0bd932346a50140faf83733bf786f55bd58301bd92f9973885c7b87d6348023e10f7eaf286d0791a1d
  languageName: node
  linkType: hard

"busboy@npm:1.6.0":
  version: 1.6.0
  resolution: "busboy@npm:1.6.0"
  dependencies:
    streamsearch: "npm:^1.1.0"
  checksum: fa7e836a2b82699b6e074393428b91ae579d4f9e21f5ac468e1b459a244341d722d2d22d10920cdd849743dbece6dca11d72de939fb75a7448825cf2babfba1f
  languageName: node
  linkType: hard

"camelize@npm:^1.0.0":
  version: 1.0.1
  resolution: "camelize@npm:1.0.1"
  checksum: 4c9ac55efd356d37ac483bad3093758236ab686192751d1c9daa43188cc5a07b09bd431eb7458a4efd9ca22424bba23253e7b353feb35d7c749ba040de2385fb
  languageName: node
  linkType: hard

"caniuse-lite@npm:^1.0.30001406":
  version: 1.0.30001570
  resolution: "caniuse-lite@npm:1.0.30001570"
  checksum: e47230d2016edea56e002fa462a5289f697b48dcfbf703fb01aecc6c98ad4ecaf945ab23c253cb7af056c2d05f266e4e4cbebf45132100e2c9367439cb95b95b
  languageName: node
  linkType: hard

"client-only@npm:0.0.1":
  version: 0.0.1
  resolution: "client-only@npm:0.0.1"
  checksum: 9d6cfd0c19e1c96a434605added99dff48482152af791ec4172fb912a71cff9027ff174efd8cdb2160cc7f377543e0537ffc462d4f279bc4701de3f2a3c4b358
  languageName: node
  linkType: hard

"combined-stream@npm:^1.0.8":
  version: 1.0.8
  resolution: "combined-stream@npm:1.0.8"
  dependencies:
    delayed-stream: "npm:~1.0.0"
  checksum: 0dbb829577e1b1e839fa82b40c07ffaf7de8a09b935cadd355a73652ae70a88b4320db322f6634a4ad93424292fa80973ac6480986247f1734a1137debf271d5
  languageName: node
  linkType: hard

"css-color-keywords@npm:^1.0.0":
  version: 1.0.0
  resolution: "css-color-keywords@npm:1.0.0"
  checksum: af205a86c68e0051846ed91eb3e30b4517e1904aac040013ff1d742019b3f9369ba5658ba40901dbbc121186fc4bf0e75a814321cc3e3182fbb2feb81c6d9cb7
  languageName: node
  linkType: hard

"css-to-react-native@npm:^3.2.0":
  version: 3.2.0
  resolution: "css-to-react-native@npm:3.2.0"
  dependencies:
    camelize: "npm:^1.0.0"
    css-color-keywords: "npm:^1.0.0"
    postcss-value-parser: "npm:^4.0.2"
  checksum: fde850a511d5d3d7c55a1e9b8ed26b69a8ad4868b3487e36ebfbfc0b96fc34bc977d9cd1d61a289d0c74d3f9a662d8cee297da53d4433bf2e27d6acdff8e1003
  languageName: node
  linkType: hard

"csstype@npm:^3.1.2":
  version: 3.1.3
  resolution: "csstype@npm:3.1.3"
  checksum: 80c089d6f7e0c5b2bd83cf0539ab41474198579584fa10d86d0cafe0642202343cbc119e076a0b1aece191989477081415d66c9fefbf3c957fc2fc4b7009f248
  languageName: node
  linkType: hard

"delayed-stream@npm:~1.0.0":
  version: 1.0.0
  resolution: "delayed-stream@npm:1.0.0"
  checksum: d758899da03392e6712f042bec80aa293bbe9e9ff1b2634baae6a360113e708b91326594c8a486d475c69d6259afb7efacdc3537bfcda1c6c648e390ce601b19
  languageName: node
  linkType: hard

"follow-redirects@npm:^1.15.0":
  version: 1.15.3
  resolution: "follow-redirects@npm:1.15.3"
  peerDependenciesMeta:
    debug:
      optional: true
  checksum: 915a2cf22e667bdf47b1a43cc6b7dce14d95039e9bbf9a24d0e739abfbdfa00077dd43c86d4a7a19efefcc7a99af144920a175eedc3888d268af5df67c272ee5
  languageName: node
  linkType: hard

"form-data@npm:^4.0.0":
  version: 4.0.0
  resolution: "form-data@npm:4.0.0"
  dependencies:
    asynckit: "npm:^0.4.0"
    combined-stream: "npm:^1.0.8"
    mime-types: "npm:^2.1.12"
  checksum: cb6f3ac49180be03ff07ba3ff125f9eba2ff0b277fb33c7fc47569fc5e616882c5b1c69b9904c4c4187e97dd0419dd03b134174756f296dec62041e6527e2c6e
  languageName: node
  linkType: hard

"glob-to-regexp@npm:^0.4.1":
  version: 0.4.1
  resolution: "glob-to-regexp@npm:0.4.1"
  checksum: 0486925072d7a916f052842772b61c3e86247f0a80cc0deb9b5a3e8a1a9faad5b04fb6f58986a09f34d3e96cd2a22a24b7e9882fb1cf904c31e9a310de96c429
  languageName: node
  linkType: hard

"graceful-fs@npm:^4.1.2, graceful-fs@npm:^4.2.11":
  version: 4.2.11
  resolution: "graceful-fs@npm:4.2.11"
  checksum: 386d011a553e02bc594ac2ca0bd6d9e4c22d7fa8cfbfc448a6d148c59ea881b092db9dbe3547ae4b88e55f1b01f7c4a2ecc53b310c042793e63aa44cf6c257f2
  languageName: node
  linkType: hard

"js-tokens@npm:^3.0.0 || ^4.0.0":
  version: 4.0.0
  resolution: "js-tokens@npm:4.0.0"
  checksum: e248708d377aa058eacf2037b07ded847790e6de892bbad3dac0abba2e759cb9f121b00099a65195616badcb6eca8d14d975cb3e89eb1cfda644756402c8aeed
  languageName: node
  linkType: hard

"lodash@npm:^4.17.21":
  version: 4.17.21
  resolution: "lodash@npm:4.17.21"
  checksum: d8cbea072bb08655bb4c989da418994b073a608dffa608b09ac04b43a791b12aeae7cd7ad919aa4c925f33b48490b5cfe6c1f71d827956071dae2e7bb3a6b74c
  languageName: node
  linkType: hard

"loose-envify@npm:^1.1.0":
  version: 1.4.0
  resolution: "loose-envify@npm:1.4.0"
  dependencies:
    js-tokens: "npm:^3.0.0 || ^4.0.0"
  bin:
    loose-envify: cli.js
  checksum: 655d110220983c1a4b9c0c679a2e8016d4b67f6e9c7b5435ff5979ecdb20d0813f4dec0a08674fcbdd4846a3f07edbb50a36811fd37930b94aaa0d9daceb017e
  languageName: node
  linkType: hard

"mime-db@npm:1.52.0":
  version: 1.52.0
  resolution: "mime-db@npm:1.52.0"
  checksum: 0557a01deebf45ac5f5777fe7740b2a5c309c6d62d40ceab4e23da9f821899ce7a900b7ac8157d4548ddbb7beffe9abc621250e6d182b0397ec7f10c7b91a5aa
  languageName: node
  linkType: hard

"mime-types@npm:^2.1.12":
  version: 2.1.35
  resolution: "mime-types@npm:2.1.35"
  dependencies:
    mime-db: "npm:1.52.0"
  checksum: 82fb07ec56d8ff1fc999a84f2f217aa46cb6ed1033fefaabd5785b9a974ed225c90dc72fff460259e66b95b73648596dbcc50d51ed69cdf464af2d237d3149b2
  languageName: node
  linkType: hard

"nanoid@npm:^3.3.6, nanoid@npm:^3.3.7":
  version: 3.3.7
  resolution: "nanoid@npm:3.3.7"
  bin:
    nanoid: bin/nanoid.cjs
  checksum: e3fb661aa083454f40500473bb69eedb85dc160e763150b9a2c567c7e9ff560ce028a9f833123b618a6ea742e311138b591910e795614a629029e86e180660f3
  languageName: node
  linkType: hard

"next@npm:^14.0.4":
  version: 14.0.4
  resolution: "next@npm:14.0.4"
  dependencies:
    "@next/env": "npm:14.0.4"
    "@next/swc-darwin-arm64": "npm:14.0.4"
    "@next/swc-darwin-x64": "npm:14.0.4"
    "@next/swc-linux-arm64-gnu": "npm:14.0.4"
    "@next/swc-linux-arm64-musl": "npm:14.0.4"
    "@next/swc-linux-x64-gnu": "npm:14.0.4"
    "@next/swc-linux-x64-musl": "npm:14.0.4"
    "@next/swc-win32-arm64-msvc": "npm:14.0.4"
    "@next/swc-win32-ia32-msvc": "npm:14.0.4"
    "@next/swc-win32-x64-msvc": "npm:14.0.4"
    "@swc/helpers": "npm:0.5.2"
    busboy: "npm:1.6.0"
    caniuse-lite: "npm:^1.0.30001406"
    graceful-fs: "npm:^4.2.11"
    postcss: "npm:8.4.31"
    styled-jsx: "npm:5.1.1"
    watchpack: "npm:2.4.0"
  peerDependencies:
    "@opentelemetry/api": ^1.1.0
    react: ^18.2.0
    react-dom: ^18.2.0
    sass: ^1.3.0
  dependenciesMeta:
    "@next/swc-darwin-arm64":
      optional: true
    "@next/swc-darwin-x64":
      optional: true
    "@next/swc-linux-arm64-gnu":
      optional: true
    "@next/swc-linux-arm64-musl":
      optional: true
    "@next/swc-linux-x64-gnu":
      optional: true
    "@next/swc-linux-x64-musl":
      optional: true
    "@next/swc-win32-arm64-msvc":
      optional: true
    "@next/swc-win32-ia32-msvc":
      optional: true
    "@next/swc-win32-x64-msvc":
      optional: true
  peerDependenciesMeta:
    "@opentelemetry/api":
      optional: true
    sass:
      optional: true
  bin:
    next: dist/bin/next
  checksum: e6c829fd473d8c3605b2b62d15e1bf41e9d90cf59a2c213b4adeadff2846999bc9a653ffef18f6aa13cc9f5d6de02469c222acf5a4184901a4690a4504bd468f
  languageName: node
  linkType: hard

"papaparse@npm:^5.4.1":
  version: 5.4.1
  resolution: "papaparse@npm:5.4.1"
  checksum: 201f37c4813453fed5bfb4c01816696b099d2db9ff1e8fb610acc4771fdde91d2a22b6094721edb0fedb21ca3c46f04263f68be4beb3e35b8c72278f0cedc7b7
  languageName: node
  linkType: hard

"picocolors@npm:^1.0.0":
  version: 1.0.0
  resolution: "picocolors@npm:1.0.0"
  checksum: 20a5b249e331c14479d94ec6817a182fd7a5680debae82705747b2db7ec50009a5f6648d0621c561b0572703f84dbef0858abcbd5856d3c5511426afcb1961f7
  languageName: node
  linkType: hard

"postcss-value-parser@npm:^4.0.2":
  version: 4.2.0
  resolution: "postcss-value-parser@npm:4.2.0"
  checksum: f4142a4f56565f77c1831168e04e3effd9ffcc5aebaf0f538eee4b2d465adfd4b85a44257bb48418202a63806a7da7fe9f56c330aebb3cac898e46b4cbf49161
  languageName: node
  linkType: hard

"postcss@npm:8.4.31":
  version: 8.4.31
  resolution: "postcss@npm:8.4.31"
  dependencies:
    nanoid: "npm:^3.3.6"
    picocolors: "npm:^1.0.0"
    source-map-js: "npm:^1.0.2"
  checksum: 748b82e6e5fc34034dcf2ae88ea3d11fd09f69b6c50ecdd3b4a875cfc7cdca435c958b211e2cb52355422ab6fccb7d8f2f2923161d7a1b281029e4a913d59acf
  languageName: node
  linkType: hard

"postcss@npm:^8.4.31":
  version: 8.4.32
  resolution: "postcss@npm:8.4.32"
  dependencies:
    nanoid: "npm:^3.3.7"
    picocolors: "npm:^1.0.0"
    source-map-js: "npm:^1.0.2"
  checksum: 39308a9195fa34d4dbdd7b58a896cff0c7809f84f7a4ac1b95b68ca86c9138a395addff33075668ed3983d41b90aac05754c445237a9365eb1c3a5602ebd03ad
  languageName: node
  linkType: hard

"proxy-from-env@npm:^1.1.0":
  version: 1.1.0
  resolution: "proxy-from-env@npm:1.1.0"
  checksum: fe7dd8b1bdbbbea18d1459107729c3e4a2243ca870d26d34c2c1bcd3e4425b7bcc5112362df2d93cc7fb9746f6142b5e272fd1cc5c86ddf8580175186f6ad42b
  languageName: node
  linkType: hard

"react-csv-to-table@npm:^0.0.4":
  version: 0.0.4
  resolution: "react-csv-to-table@npm:0.0.4"
  peerDependencies:
    react: ^16.8.6
    react-dom: ^16.8.6
  checksum: 2464fd93aee8d71c9276979249e2b802686172e7d806afa43aae32e92fc2ec16564cfd73141d9722521d65b461308b2d8a436383b648472eade3c65347fec44c
  languageName: node
  linkType: hard

"react-dom@npm:^18.2.0":
  version: 18.2.0
  resolution: "react-dom@npm:18.2.0"
  dependencies:
    loose-envify: "npm:^1.1.0"
    scheduler: "npm:^0.23.0"
  peerDependencies:
    react: ^18.2.0
  checksum: 66dfc5f93e13d0674e78ef41f92ed21dfb80f9c4ac4ac25a4b51046d41d4d2186abc915b897f69d3d0ebbffe6184e7c5876f2af26bfa956f179225d921be713a
  languageName: node
  linkType: hard

"react@npm:^18.2.0":
  version: 18.2.0
  resolution: "react@npm:18.2.0"
  dependencies:
    loose-envify: "npm:^1.1.0"
  checksum: b562d9b569b0cb315e44b48099f7712283d93df36b19a39a67c254c6686479d3980b7f013dc931f4a5a3ae7645eae6386b4aa5eea933baa54ecd0f9acb0902b8
  languageName: node
  linkType: hard

"realtime-caserates@workspace:.":
  version: 0.0.0-use.local
  resolution: "realtime-caserates@workspace:."
  dependencies:
    axios: "npm:^1.6.2"
    lodash: "npm:^4.17.21"
    next: "npm:^14.0.4"
    papaparse: "npm:^5.4.1"
    react: "npm:^18.2.0"
    react-csv-to-table: "npm:^0.0.4"
    react-dom: "npm:^18.2.0"
    styled-components: "npm:^6.1.1"
  languageName: unknown
  linkType: soft

"scheduler@npm:^0.23.0":
  version: 0.23.0
  resolution: "scheduler@npm:0.23.0"
  dependencies:
    loose-envify: "npm:^1.1.0"
  checksum: b777f7ca0115e6d93e126ac490dbd82642d14983b3079f58f35519d992fa46260be7d6e6cede433a92db70306310c6f5f06e144f0e40c484199e09c1f7be53dd
  languageName: node
  linkType: hard

"shallowequal@npm:^1.1.0":
  version: 1.1.0
  resolution: "shallowequal@npm:1.1.0"
  checksum: b926efb51cd0f47aa9bc061add788a4a650550bbe50647962113a4579b60af2abe7b62f9b02314acc6f97151d4cf87033a2b15fc20852fae306d1a095215396c
  languageName: node
  linkType: hard

"source-map-js@npm:^1.0.2":
  version: 1.0.2
  resolution: "source-map-js@npm:1.0.2"
  checksum: 32f2dfd1e9b7168f9a9715eb1b4e21905850f3b50cf02cf476e47e4eebe8e6b762b63a64357896aa29b37e24922b4282df0f492e0d2ace572b43d15525976ff8
  languageName: node
  linkType: hard

"streamsearch@npm:^1.1.0":
  version: 1.1.0
  resolution: "streamsearch@npm:1.1.0"
  checksum: fbd9aecc2621364384d157f7e59426f4bfd385e8b424b5aaa79c83a6f5a1c8fd2e4e3289e95de1eb3511cb96bb333d6281a9919fafce760e4edb35b2cd2facab
  languageName: node
  linkType: hard

"styled-components@npm:^6.1.1":
  version: 6.1.1
  resolution: "styled-components@npm:6.1.1"
  dependencies:
    "@emotion/is-prop-valid": "npm:^1.2.1"
    "@emotion/unitless": "npm:^0.8.0"
    "@types/stylis": "npm:^4.0.2"
    css-to-react-native: "npm:^3.2.0"
    csstype: "npm:^3.1.2"
    postcss: "npm:^8.4.31"
    shallowequal: "npm:^1.1.0"
    stylis: "npm:^4.3.0"
    tslib: "npm:^2.5.0"
  peerDependencies:
    react: ">= 16.8.0"
    react-dom: ">= 16.8.0"
  checksum: de8fe762fed9ad75b09db0ec7235623ba18e8812bf6fc133c259f933b0bebb658ca94a7e6b1ce1a7a165c44aaaa0c5a5f24965b8fadb52551fa47c1112e52f85
  languageName: node
  linkType: hard

"styled-jsx@npm:5.1.1":
  version: 5.1.1
  resolution: "styled-jsx@npm:5.1.1"
  dependencies:
    client-only: "npm:0.0.1"
  peerDependencies:
    react: ">= 16.8.0 || 17.x.x || ^18.0.0-0"
  peerDependenciesMeta:
    "@babel/core":
      optional: true
    babel-plugin-macros:
      optional: true
  checksum: 42655cdadfa5388f8a48bb282d6b450df7d7b8cf066ac37038bd0499d3c9f084815ebd9ff9dfa12a218fd4441338851db79603498d7557207009c1cf4d609835
  languageName: node
  linkType: hard

"stylis@npm:^4.3.0":
  version: 4.3.0
  resolution: "stylis@npm:4.3.0"
  checksum: 5a9f7e0cf2a15591efaacc1c6416a8785d2b57522cd38bb8e0a81a03c23d3bea2363659fa5f9d486a73d1b6ebaf1d32826ce1c1974c95afdb5b495d98acb25c0
  languageName: node
  linkType: hard

"tslib@npm:^2.4.0, tslib@npm:^2.5.0":
  version: 2.6.2
  resolution: "tslib@npm:2.6.2"
  checksum: e03a8a4271152c8b26604ed45535954c0a45296e32445b4b87f8a5abdb2421f40b59b4ca437c4346af0f28179780d604094eb64546bee2019d903d01c6c19bdb
  languageName: node
  linkType: hard

"watchpack@npm:2.4.0":
  version: 2.4.0
  resolution: "watchpack@npm:2.4.0"
  dependencies:
    glob-to-regexp: "npm:^0.4.1"
    graceful-fs: "npm:^4.1.2"
  checksum: c5e35f9fb9338d31d2141d9835643c0f49b5f9c521440bb648181059e5940d93dd8ed856aa8a33fbcdd4e121dad63c7e8c15c063cf485429cd9d427be197fe62
  languageName: node
  linkType: hard
